// !$*UTF8*$!
{
	archiveVersion = 1;
	classes = {
	};
	objectVersion = 48;
	objects = {

/* Begin PBXBuildFile section */
		942B8F7F20406D85006AACE9 /* OpenGL.framework in Frameworks */ = {isa = PBXBuildFile; fileRef = 942B8F7E20406D85006AACE9 /* OpenGL.framework */; };
		942B8F932040ABB4006AACE9 /* libglfw.3.2.dylib in Frameworks */ = {isa = PBXBuildFile; fileRef = 942B8F8E2040AA81006AACE9 /* libglfw.3.2.dylib */; };
		942B8F942040ABCF006AACE9 /* libGLEW.2.1.0.dylib in Frameworks */ = {isa = PBXBuildFile; fileRef = 942B8F872040A923006AACE9 /* libGLEW.2.1.0.dylib */; };
		942B8F952040B0C1006AACE9 /* libglfw.3.2.dylib in Copy Framework Files */ = {isa = PBXBuildFile; fileRef = 942B8F8E2040AA81006AACE9 /* libglfw.3.2.dylib */; settings = {ATTRIBUTES = (CodeSignOnCopy, ); }; };
		942B8F962040B0C9006AACE9 /* libGLEW.2.1.0.dylib in Copy Framework Files */ = {isa = PBXBuildFile; fileRef = 942B8F872040A923006AACE9 /* libGLEW.2.1.0.dylib */; settings = {ATTRIBUTES = (CodeSignOnCopy, ); }; };
		9450B1A0205ADCF7007C9699 /* Triangle.cpp in Sources */ = {isa = PBXBuildFile; fileRef = 9450B19E205ADCF7007C9699 /* Triangle.cpp */; };
		9460B4C6204066D000DF2EE5 /* main.cpp in Sources */ = {isa = PBXBuildFile; fileRef = 9460B4C5204066D000DF2EE5 /* main.cpp */; };
		9476805E205D7A2500DF5323 /* ShaderConstants.cpp in Sources */ = {isa = PBXBuildFile; fileRef = 9476805C205D7A2500DF5323 /* ShaderConstants.cpp */; };
		94C2CE9D2059AD370087A103 /* ShaderManager.cpp in Sources */ = {isa = PBXBuildFile; fileRef = 94C2CE9B2059AD370087A103 /* ShaderManager.cpp */; };
		94C2CEA42059BA1F0087A103 /* vertex.glsl in Copy Resources Files */ = {isa = PBXBuildFile; fileRef = 94C2CE9F2059B0160087A103 /* vertex.glsl */; };
		94C2CEA52059BA1F0087A103 /* fragment.glsl in Copy Resources Files */ = {isa = PBXBuildFile; fileRef = 94C2CEA02059B0220087A103 /* fragment.glsl */; };
		94E4FFAE206334CD00A39116 /* Box.cpp in Sources */ = {isa = PBXBuildFile; fileRef = 94E4FFAC206334CD00A39116 /* Box.cpp */; };
		94E4FFAF206335C400A39116 /* box-vertex.glsl in Copy Resources Files */ = {isa = PBXBuildFile; fileRef = 94E4FFA92063342B00A39116 /* box-vertex.glsl */; };
		94E4FFB0206335C400A39116 /* box-fragment.glsl in Copy Resources Files */ = {isa = PBXBuildFile; fileRef = 94E4FFAA2063343800A39116 /* box-fragment.glsl */; };
/* End PBXBuildFile section */

/* Begin PBXCopyFilesBuildPhase section */
		9460B4C0204066D000DF2EE5 /* Copy Framework Files */ = {
			isa = PBXCopyFilesBuildPhase;
			buildActionMask = 12;
			dstPath = "";
			dstSubfolderSpec = 10;
			files = (
				942B8F962040B0C9006AACE9 /* libGLEW.2.1.0.dylib in Copy Framework Files */,
				942B8F952040B0C1006AACE9 /* libglfw.3.2.dylib in Copy Framework Files */,
			);
			name = "Copy Framework Files";
			runOnlyForDeploymentPostprocessing = 0;
		};
		94C2CEA32059BA0F0087A103 /* Copy Resources Files */ = {
			isa = PBXCopyFilesBuildPhase;
			buildActionMask = 2147483647;
			dstPath = "";
			dstSubfolderSpec = 7;
			files = (
				94E4FFAF206335C400A39116 /* box-vertex.glsl in Copy Resources Files */,
				94E4FFB0206335C400A39116 /* box-fragment.glsl in Copy Resources Files */,
				94C2CEA42059BA1F0087A103 /* vertex.glsl in Copy Resources Files */,
				94C2CEA52059BA1F0087A103 /* fragment.glsl in Copy Resources Files */,
			);
			name = "Copy Resources Files";
			runOnlyForDeploymentPostprocessing = 0;
		};
/* End PBXCopyFilesBuildPhase section */

/* Begin PBXFileReference section */
		942B8F7E20406D85006AACE9 /* OpenGL.framework */ = {isa = PBXFileReference; lastKnownFileType = wrapper.framework; name = OpenGL.framework; path = System/Library/Frameworks/OpenGL.framework; sourceTree = SDKROOT; };
		942B8F872040A923006AACE9 /* libGLEW.2.1.0.dylib */ = {isa = PBXFileReference; lastKnownFileType = "compiled.mach-o.dylib"; path = libGLEW.2.1.0.dylib; sourceTree = "<group>"; };
		942B8F892040A975006AACE9 /* glxew.h */ = {isa = PBXFileReference; fileEncoding = 4; lastKnownFileType = sourcecode.c.h; path = glxew.h; sourceTree = "<group>"; };
		942B8F8A2040A976006AACE9 /* wglew.h */ = {isa = PBXFileReference; fileEncoding = 4; lastKnownFileType = sourcecode.c.h; path = wglew.h; sourceTree = "<group>"; };
		942B8F8B2040A976006AACE9 /* glew.h */ = {isa = PBXFileReference; fileEncoding = 4; lastKnownFileType = sourcecode.c.h; path = glew.h; sourceTree = "<group>"; };
		942B8F8C2040AA81006AACE9 /* glfw3.h */ = {isa = PBXFileReference; fileEncoding = 4; lastKnownFileType = sourcecode.c.h; path = glfw3.h; sourceTree = "<group>"; };
		942B8F8D2040AA81006AACE9 /* glfw3native.h */ = {isa = PBXFileReference; fileEncoding = 4; lastKnownFileType = sourcecode.c.h; path = glfw3native.h; sourceTree = "<group>"; };
		942B8F8E2040AA81006AACE9 /* libglfw.3.2.dylib */ = {isa = PBXFileReference; lastKnownFileType = "compiled.mach-o.dylib"; path = libglfw.3.2.dylib; sourceTree = "<group>"; };
		9450B19E205ADCF7007C9699 /* Triangle.cpp */ = {isa = PBXFileReference; lastKnownFileType = sourcecode.cpp.cpp; path = Triangle.cpp; sourceTree = "<group>"; };
		9450B19F205ADCF7007C9699 /* Triangle.hpp */ = {isa = PBXFileReference; lastKnownFileType = sourcecode.cpp.h; path = Triangle.hpp; sourceTree = "<group>"; };
		9460B4C2204066D000DF2EE5 /* OpenGLAprendiendo */ = {isa = PBXFileReference; explicitFileType = "compiled.mach-o.executable"; includeInIndex = 0; path = OpenGLAprendiendo; sourceTree = BUILT_PRODUCTS_DIR; };
		9460B4C5204066D000DF2EE5 /* main.cpp */ = {isa = PBXFileReference; lastKnownFileType = sourcecode.cpp.cpp; path = main.cpp; sourceTree = "<group>"; };
		9476805C205D7A2500DF5323 /* ShaderConstants.cpp */ = {isa = PBXFileReference; lastKnownFileType = sourcecode.cpp.cpp; path = ShaderConstants.cpp; sourceTree = "<group>"; };
		9476805D205D7A2500DF5323 /* ShaderConstants.hpp */ = {isa = PBXFileReference; lastKnownFileType = sourcecode.cpp.h; path = ShaderConstants.hpp; sourceTree = "<group>"; };
		94C2CE9B2059AD370087A103 /* ShaderManager.cpp */ = {isa = PBXFileReference; lastKnownFileType = sourcecode.cpp.cpp; path = ShaderManager.cpp; sourceTree = "<group>"; };
		94C2CE9C2059AD370087A103 /* ShaderManager.hpp */ = {isa = PBXFileReference; lastKnownFileType = sourcecode.cpp.h; path = ShaderManager.hpp; sourceTree = "<group>"; };
		94C2CE9F2059B0160087A103 /* vertex.glsl */ = {isa = PBXFileReference; lastKnownFileType = text; path = vertex.glsl; sourceTree = "<group>"; };
		94C2CEA02059B0220087A103 /* fragment.glsl */ = {isa = PBXFileReference; lastKnownFileType = text; path = fragment.glsl; sourceTree = "<group>"; };
		94E4FF7E2062044900A39116 /* stb_image.h */ = {isa = PBXFileReference; lastKnownFileType = sourcecode.c.h; path = stb_image.h; sourceTree = "<group>"; };
		94E4FFA92063342B00A39116 /* box-vertex.glsl */ = {isa = PBXFileReference; lastKnownFileType = text; path = "box-vertex.glsl"; sourceTree = "<group>"; };
		94E4FFAA2063343800A39116 /* box-fragment.glsl */ = {isa = PBXFileReference; lastKnownFileType = text; path = "box-fragment.glsl"; sourceTree = "<group>"; };
		94E4FFAC206334CD00A39116 /* Box.cpp */ = {isa = PBXFileReference; lastKnownFileType = sourcecode.cpp.cpp; path = Box.cpp; sourceTree = "<group>"; };
		94E4FFAD206334CD00A39116 /* Box.hpp */ = {isa = PBXFileReference; lastKnownFileType = sourcecode.cpp.h; path = Box.hpp; sourceTree = "<group>"; };
/* End PBXFileReference section */

/* Begin PBXFrameworksBuildPhase section */
		9460B4BF204066D000DF2EE5 /* Frameworks */ = {
			isa = PBXFrameworksBuildPhase;
			buildActionMask = 2147483647;
			files = (
				942B8F7F20406D85006AACE9 /* OpenGL.framework in Frameworks */,
				942B8F932040ABB4006AACE9 /* libglfw.3.2.dylib in Frameworks */,
				942B8F942040ABCF006AACE9 /* libGLEW.2.1.0.dylib in Frameworks */,
			);
			runOnlyForDeploymentPostprocessing = 0;
		};
/* End PBXFrameworksBuildPhase section */

/* Begin PBXGroup section */
		942B8F7D20406D85006AACE9 /* Frameworks */ = {
			isa = PBXGroup;
			children = (
				942B8F7E20406D85006AACE9 /* OpenGL.framework */,
			);
			name = Frameworks;
			sourceTree = "<group>";
		};
		942B8F842040A7C3006AACE9 /* Libraries */ = {
			isa = PBXGroup;
			children = (
				94E4FF7D2062041100A39116 /* stb */,
				942B8F852040A7D5006AACE9 /* GL */,
				942B8F862040A89C006AACE9 /* GLFW */,
			);
			path = Libraries;
			sourceTree = "<group>";
		};
		942B8F852040A7D5006AACE9 /* GL */ = {
			isa = PBXGroup;
			children = (
				942B8F8B2040A976006AACE9 /* glew.h */,
				942B8F892040A975006AACE9 /* glxew.h */,
				942B8F8A2040A976006AACE9 /* wglew.h */,
				942B8F872040A923006AACE9 /* libGLEW.2.1.0.dylib */,
			);
			path = GL;
			sourceTree = "<group>";
		};
		942B8F862040A89C006AACE9 /* GLFW */ = {
			isa = PBXGroup;
			children = (
				942B8F8C2040AA81006AACE9 /* glfw3.h */,
				942B8F8D2040AA81006AACE9 /* glfw3native.h */,
				942B8F8E2040AA81006AACE9 /* libglfw.3.2.dylib */,
			);
			path = GLFW;
			sourceTree = "<group>";
		};
		9450B19D205ADCD5007C9699 /* Shaders */ = {
			isa = PBXGroup;
			children = (
				94C2CE9F2059B0160087A103 /* vertex.glsl */,
				94C2CEA02059B0220087A103 /* fragment.glsl */,
				94C2CE9C2059AD370087A103 /* ShaderManager.hpp */,
				94C2CE9B2059AD370087A103 /* ShaderManager.cpp */,
				9476805C205D7A2500DF5323 /* ShaderConstants.cpp */,
				9476805D205D7A2500DF5323 /* ShaderConstants.hpp */,
			);
			path = Shaders;
			sourceTree = "<group>";
		};
		9460B4B9204066D000DF2EE5 = {
			isa = PBXGroup;
			children = (
				9460B4C4204066D000DF2EE5 /* OpenGLAprendiendo */,
				9460B4C3204066D000DF2EE5 /* Products */,
				942B8F7D20406D85006AACE9 /* Frameworks */,
			);
			sourceTree = "<group>";
		};
		9460B4C3204066D000DF2EE5 /* Products */ = {
			isa = PBXGroup;
			children = (
				9460B4C2204066D000DF2EE5 /* OpenGLAprendiendo */,
			);
			name = Products;
			sourceTree = "<group>";
		};
		9460B4C4204066D000DF2EE5 /* OpenGLAprendiendo */ = {
			isa = PBXGroup;
			children = (
				942B8F842040A7C3006AACE9 /* Libraries */,
				94E4FFAB2063345700A39116 /* Shapes */,
				94C2CE9E2059AFF20087A103 /* Triangle */,
				9460B4C5204066D000DF2EE5 /* main.cpp */,
			);
			path = OpenGLAprendiendo;
			sourceTree = "<group>";
		};
		94C2CE9E2059AFF20087A103 /* Triangle */ = {
			isa = PBXGroup;
			children = (
				9450B19D205ADCD5007C9699 /* Shaders */,
				9450B19F205ADCF7007C9699 /* Triangle.hpp */,
				9450B19E205ADCF7007C9699 /* Triangle.cpp */,
			);
			path = Triangle;
			sourceTree = "<group>";
		};
		94E4FF7D2062041100A39116 /* stb */ = {
			isa = PBXGroup;
			children = (
				94E4FF7E2062044900A39116 /* stb_image.h */,
			);
			path = stb;
			sourceTree = "<group>";
		};
		94E4FFA7206333F400A39116 /* Box */ = {
			isa = PBXGroup;
			children = (
				94E4FFA82063340F00A39116 /* Shaders */,
				94E4FFAD206334CD00A39116 /* Box.hpp */,
				94E4FFAC206334CD00A39116 /* Box.cpp */,
			);
			path = Box;
			sourceTree = "<group>";
		};
		94E4FFA82063340F00A39116 /* Shaders */ = {
			isa = PBXGroup;
			children = (
				94E4FFA92063342B00A39116 /* box-vertex.glsl */,
				94E4FFAA2063343800A39116 /* box-fragment.glsl */,
			);
			path = Shaders;
			sourceTree = "<group>";
		};
		94E4FFAB2063345700A39116 /* Shapes */ = {
			isa = PBXGroup;
			children = (
				94E4FFA7206333F400A39116 /* Box */,
			);
			path = Shapes;
			sourceTree = "<group>";
		};
/* End PBXGroup section */

/* Begin PBXNativeTarget section */
		9460B4C1204066D000DF2EE5 /* OpenGLAprendiendo */ = {
			isa = PBXNativeTarget;
			buildConfigurationList = 9460B4C9204066D000DF2EE5 /* Build configuration list for PBXNativeTarget "OpenGLAprendiendo" */;
			buildPhases = (
				9460B4BE204066D000DF2EE5 /* Sources */,
				9460B4BF204066D000DF2EE5 /* Frameworks */,
				9460B4C0204066D000DF2EE5 /* Copy Framework Files */,
				94C2CEA32059BA0F0087A103 /* Copy Resources Files */,
			);
			buildRules = (
			);
			dependencies = (
			);
			name = OpenGLAprendiendo;
			productName = OpenGLAprendiendo;
			productReference = 9460B4C2204066D000DF2EE5 /* OpenGLAprendiendo */;
			productType = "com.apple.product-type.tool";
		};
/* End PBXNativeTarget section */

/* Begin PBXProject section */
		9460B4BA204066D000DF2EE5 /* Project object */ = {
			isa = PBXProject;
			attributes = {
				LastUpgradeCheck = 0920;
				ORGANIZATIONNAME = rkb;
				TargetAttributes = {
					9460B4C1204066D000DF2EE5 = {
						CreatedOnToolsVersion = 9.2;
						ProvisioningStyle = Manual;
					};
				};
			};
			buildConfigurationList = 9460B4BD204066D000DF2EE5 /* Build configuration list for PBXProject "OpenGLAprendiendo" */;
			compatibilityVersion = "Xcode 8.0";
			developmentRegion = en;
			hasScannedForEncodings = 0;
			knownRegions = (
				en,
			);
			mainGroup = 9460B4B9204066D000DF2EE5;
			productRefGroup = 9460B4C3204066D000DF2EE5 /* Products */;
			projectDirPath = "";
			projectRoot = "";
			targets = (
				9460B4C1204066D000DF2EE5 /* OpenGLAprendiendo */,
			);
		};
/* End PBXProject section */

/* Begin PBXSourcesBuildPhase section */
		9460B4BE204066D000DF2EE5 /* Sources */ = {
			isa = PBXSourcesBuildPhase;
			buildActionMask = 2147483647;
			files = (
				9476805E205D7A2500DF5323 /* ShaderConstants.cpp in Sources */,
				94C2CE9D2059AD370087A103 /* ShaderManager.cpp in Sources */,
				9450B1A0205ADCF7007C9699 /* Triangle.cpp in Sources */,
				9460B4C6204066D000DF2EE5 /* main.cpp in Sources */,
				94E4FFAE206334CD00A39116 /* Box.cpp in Sources */,
			);
			runOnlyForDeploymentPostprocessing = 0;
		};
/* End PBXSourcesBuildPhase section */

/* Begin XCBuildConfiguration section */
		9460B4C7204066D000DF2EE5 /* Debug */ = {
			isa = XCBuildConfiguration;
			buildSettings = {
				ALWAYS_SEARCH_USER_PATHS = NO;
				CLANG_ANALYZER_NONNULL = YES;
				CLANG_ANALYZER_NUMBER_OBJECT_CONVERSION = YES_AGGRESSIVE;
				CLANG_CXX_LANGUAGE_STANDARD = "gnu++14";
				CLANG_CXX_LIBRARY = "libc++";
				CLANG_ENABLE_MODULES = YES;
				CLANG_ENABLE_OBJC_ARC = YES;
				CLANG_WARN_BLOCK_CAPTURE_AUTORELEASING = YES;
				CLANG_WARN_BOOL_CONVERSION = YES;
				CLANG_WARN_COMMA = YES;
				CLANG_WARN_CONSTANT_CONVERSION = YES;
				CLANG_WARN_DIRECT_OBJC_ISA_USAGE = YES_ERROR;
				CLANG_WARN_DOCUMENTATION_COMMENTS = YES;
				CLANG_WARN_EMPTY_BODY = YES;
				CLANG_WARN_ENUM_CONVERSION = YES;
				CLANG_WARN_INFINITE_RECURSION = YES;
				CLANG_WARN_INT_CONVERSION = YES;
				CLANG_WARN_NON_LITERAL_NULL_CONVERSION = YES;
				CLANG_WARN_OBJC_LITERAL_CONVERSION = YES;
				CLANG_WARN_OBJC_ROOT_CLASS = YES_ERROR;
				CLANG_WARN_RANGE_LOOP_ANALYSIS = YES;
				CLANG_WARN_STRICT_PROTOTYPES = YES;
				CLANG_WARN_SUSPICIOUS_MOVE = YES;
				CLANG_WARN_UNGUARDED_AVAILABILITY = YES_AGGRESSIVE;
				CLANG_WARN_UNREACHABLE_CODE = YES;
				CLANG_WARN__DUPLICATE_METHOD_MATCH = YES;
				CODE_SIGN_IDENTITY = "-";
				COPY_PHASE_STRIP = NO;
				DEBUG_INFORMATION_FORMAT = dwarf;
				ENABLE_STRICT_OBJC_MSGSEND = YES;
				ENABLE_TESTABILITY = YES;
				GCC_C_LANGUAGE_STANDARD = gnu11;
				GCC_DYNAMIC_NO_PIC = NO;
				GCC_NO_COMMON_BLOCKS = YES;
				GCC_OPTIMIZATION_LEVEL = 0;
				GCC_PREPROCESSOR_DEFINITIONS = (
					"DEBUG=1",
					"$(inherited)",
				);
				GCC_WARN_64_TO_32_BIT_CONVERSION = YES;
				GCC_WARN_ABOUT_RETURN_TYPE = YES_ERROR;
				GCC_WARN_UNDECLARED_SELECTOR = YES;
				GCC_WARN_UNINITIALIZED_AUTOS = YES_AGGRESSIVE;
				GCC_WARN_UNUSED_FUNCTION = YES;
				GCC_WARN_UNUSED_VARIABLE = YES;
				MACOSX_DEPLOYMENT_TARGET = 10.13;
				MTL_ENABLE_DEBUG_INFO = YES;
				ONLY_ACTIVE_ARCH = YES;
				SDKROOT = macosx;
			};
			name = Debug;
		};
		9460B4C8204066D000DF2EE5 /* Release */ = {
			isa = XCBuildConfiguration;
			buildSettings = {
				ALWAYS_SEARCH_USER_PATHS = NO;
				CLANG_ANALYZER_NONNULL = YES;
				CLANG_ANALYZER_NUMBER_OBJECT_CONVERSION = YES_AGGRESSIVE;
				CLANG_CXX_LANGUAGE_STANDARD = "gnu++14";
				CLANG_CXX_LIBRARY = "libc++";
				CLANG_ENABLE_MODULES = YES;
				CLANG_ENABLE_OBJC_ARC = YES;
				CLANG_WARN_BLOCK_CAPTURE_AUTORELEASING = YES;
				CLANG_WARN_BOOL_CONVERSION = YES;
				CLANG_WARN_COMMA = YES;
				CLANG_WARN_CONSTANT_CONVERSION = YES;
				CLANG_WARN_DIRECT_OBJC_ISA_USAGE = YES_ERROR;
				CLANG_WARN_DOCUMENTATION_COMMENTS = YES;
				CLANG_WARN_EMPTY_BODY = YES;
				CLANG_WARN_ENUM_CONVERSION = YES;
				CLANG_WARN_INFINITE_RECURSION = YES;
				CLANG_WARN_INT_CONVERSION = YES;
				CLANG_WARN_NON_LITERAL_NULL_CONVERSION = YES;
				CLANG_WARN_OBJC_LITERAL_CONVERSION = YES;
				CLANG_WARN_OBJC_ROOT_CLASS = YES_ERROR;
				CLANG_WARN_RANGE_LOOP_ANALYSIS = YES;
				CLANG_WARN_STRICT_PROTOTYPES = YES;
				CLANG_WARN_SUSPICIOUS_MOVE = YES;
				CLANG_WARN_UNGUARDED_AVAILABILITY = YES_AGGRESSIVE;
				CLANG_WARN_UNREACHABLE_CODE = YES;
				CLANG_WARN__DUPLICATE_METHOD_MATCH = YES;
				CODE_SIGN_IDENTITY = "-";
				COPY_PHASE_STRIP = NO;
				DEBUG_INFORMATION_FORMAT = "dwarf-with-dsym";
				ENABLE_NS_ASSERTIONS = NO;
				ENABLE_STRICT_OBJC_MSGSEND = YES;
				GCC_C_LANGUAGE_STANDARD = gnu11;
				GCC_NO_COMMON_BLOCKS = YES;
				GCC_WARN_64_TO_32_BIT_CONVERSION = YES;
				GCC_WARN_ABOUT_RETURN_TYPE = YES_ERROR;
				GCC_WARN_UNDECLARED_SELECTOR = YES;
				GCC_WARN_UNINITIALIZED_AUTOS = YES_AGGRESSIVE;
				GCC_WARN_UNUSED_FUNCTION = YES;
				GCC_WARN_UNUSED_VARIABLE = YES;
				MACOSX_DEPLOYMENT_TARGET = 10.13;
				MTL_ENABLE_DEBUG_INFO = NO;
				SDKROOT = macosx;
			};
			name = Release;
		};
		9460B4CA204066D000DF2EE5 /* Debug */ = {
			isa = XCBuildConfiguration;
			buildSettings = {
				CLANG_WARN_DOCUMENTATION_COMMENTS = NO;
				CODE_SIGN_STYLE = Manual;
				DEVELOPMENT_TEAM = "";
				HEADER_SEARCH_PATHS = "$(PROJECT_DIR)/OpenGLAprendiendo/Libraries/**";
				LIBRARY_SEARCH_PATHS = (
					"$(inherited)",
					"$(PROJECT_DIR)/OpenGLAprendiendo/Libraries/GLFW",
					"$(PROJECT_DIR)/OpenGLAprendiendo/Libraries/GL",
				);
				PRODUCT_NAME = "$(TARGET_NAME)";
				PROVISIONING_PROFILE_SPECIFIER = "";
			};
			name = Debug;
		};
		9460B4CB204066D000DF2EE5 /* Release */ = {
			isa = XCBuildConfiguration;
			buildSettings = {
				CLANG_WARN_DOCUMENTATION_COMMENTS = NO;
				CODE_SIGN_STYLE = Manual;
				DEVELOPMENT_TEAM = "";
				HEADER_SEARCH_PATHS = "$(PROJECT_DIR)/OpenGLAprendiendo/Libraries/**";
				LIBRARY_SEARCH_PATHS = (
					"$(inherited)",
					"$(PROJECT_DIR)/OpenGLAprendiendo/Libraries/GLFW",
					"$(PROJECT_DIR)/OpenGLAprendiendo/Libraries/GL",
				);
				PRODUCT_NAME = "$(TARGET_NAME)";
				PROVISIONING_PROFILE_SPECIFIER = "";
			};
			name = Release;
		};
/* End XCBuildConfiguration section */

/* Begin XCConfigurationList section */
		9460B4BD204066D000DF2EE5 /* Build configuration list for PBXProject "OpenGLAprendiendo" */ = {
			isa = XCConfigurationList;
			buildConfigurations = (
				9460B4C7204066D000DF2EE5 /* Debug */,
				9460B4C8204066D000DF2EE5 /* Release */,
			);
			defaultConfigurationIsVisible = 0;
			defaultConfigurationName = Release;
		};
		9460B4C9204066D000DF2EE5 /* Build configuration list for PBXNativeTarget "OpenGLAprendiendo" */ = {
			isa = XCConfigurationList;
			buildConfigurations = (
				9460B4CA204066D000DF2EE5 /* Debug */,
				9460B4CB204066D000DF2EE5 /* Release */,
			);
			defaultConfigurationIsVisible = 0;
			defaultConfigurationName = Release;
		};
/* End XCConfigurationList section */
	};
	rootObject = 9460B4BA204066D000DF2EE5 /* Project object */;
}
